{
  "nodes": {
    "daeuniverse": {
      "inputs": {
        "flake-parts": "flake-parts",
        "nixpkgs": [
          "nixpkgs"
        ]
      },
      "locked": {
        "lastModified": 1736362056,
        "narHash": "sha256-MubNngr/XXrzewtJ6q4EgDtubhSluenheJmzJ1sZ7NY=",
        "owner": "LostAttractor",
        "repo": "flake.nix",
        "rev": "380d5508da3bce9df37b247ee74fa6c00ea60b23",
        "type": "github"
      },
      "original": {
        "owner": "daeuniverse",
        "ref": "unstable",
        "repo": "flake.nix",
        "type": "github"
      }
    },
    "deploy-rs": {
      "inputs": {
        "flake-compat": "flake-compat",
        "nixpkgs": [
          "nixpkgs"
        ],
        "utils": "utils"
      },
      "locked": {
        "lastModified": 1727447169,
        "narHash": "sha256-3KyjMPUKHkiWhwR91J1YchF6zb6gvckCAY1jOE+ne0U=",
        "owner": "serokell",
        "repo": "deploy-rs",
        "rev": "aa07eb05537d4cd025e2310397a6adcedfe72c76",
        "type": "github"
      },
      "original": {
        "owner": "serokell",
        "repo": "deploy-rs",
        "type": "github"
      }
    },
    "flake-compat": {
      "flake": false,
      "locked": {
        "lastModified": 1696426674,
        "narHash": "sha256-kvjfFW7WAETZlt09AgDn1MrtKzP7t90Vf7vypd3OL1U=",
        "owner": "edolstra",
        "repo": "flake-compat",
        "rev": "0f9255e01c2351cc7d116c072cb317785dd33b33",
        "type": "github"
      },
      "original": {
        "owner": "edolstra",
        "repo": "flake-compat",
        "type": "github"
      }
    },
    "flake-parts": {
      "inputs": {
        "nixpkgs-lib": "nixpkgs-lib"
      },
      "locked": {
        "lastModified": 1730504689,
        "narHash": "sha256-hgmguH29K2fvs9szpq2r3pz2/8cJd2LPS+b4tfNFCwE=",
        "owner": "hercules-ci",
        "repo": "flake-parts",
        "rev": "506278e768c2a08bec68eb62932193e341f55c90",
        "type": "github"
      },
      "original": {
        "owner": "hercules-ci",
        "repo": "flake-parts",
        "type": "github"
      }
    },
    "flake-utils": {
      "inputs": {
        "systems": "systems_2"
      },
      "locked": {
        "lastModified": 1681202837,
        "narHash": "sha256-H+Rh19JDwRtpVPAWp64F+rlEtxUWBAQW28eAi3SRSzg=",
        "owner": "numtide",
        "repo": "flake-utils",
        "rev": "cfacdce06f30d2b68473a46042957675eebb3401",
        "type": "github"
      },
      "original": {
        "owner": "numtide",
        "repo": "flake-utils",
        "type": "github"
      }
    },
    "homelab": {
      "locked": {
        "lastModified": 1736001657,
        "narHash": "sha256-HnLr8cvYsgDO6qt2g5eGxfowbaNmk1CChoJZEp56Bjk=",
        "owner": "lostattractor",
        "repo": "homelab",
        "rev": "1e1ee952183726b0a0cae5b28a6a49d44f4d1257",
        "type": "github"
      },
      "original": {
        "owner": "lostattractor",
        "repo": "homelab",
        "type": "github"
      }
    },
    "nixpkgs": {
      "locked": {
        "lastModified": 1736362176,
        "narHash": "sha256-tLzfctMvt+ktG5spsJ+LgM45kHg1bb7UPb++yfznJA0=",
        "owner": "LostAttractor",
        "repo": "nixpkgs",
        "rev": "9df5b0cd3a77c69b40d71054d86991f53ef9f24b",
        "type": "github"
      },
      "original": {
        "owner": "NixOS",
        "ref": "nixos-unstable",
        "repo": "nixpkgs",
        "type": "github"
      }
    },
    "nixpkgs-lib": {
      "locked": {
        "lastModified": 1730504152,
        "narHash": "sha256-lXvH/vOfb4aGYyvFmZK/HlsNsr/0CVWlwYvo2rxJk3s=",
        "type": "tarball",
        "url": "https://github.com/NixOS/nixpkgs/archive/cc2f28000298e1269cea6612cd06ec9979dd5d7f.tar.gz"
      },
      "original": {
        "type": "tarball",
        "url": "https://github.com/NixOS/nixpkgs/archive/cc2f28000298e1269cea6612cd06ec9979dd5d7f.tar.gz"
      }
    },
    "oisd": {
      "flake": false,
      "locked": {
        "lastModified": 1736360133,
        "narHash": "sha256-CL2JpZYK2P5KUToykzy04SbW9ncH0+xUFL624Jy++LA=",
        "owner": "sjhgvr",
        "repo": "oisd",
        "rev": "b5c7a529dfd7d5967be4db0d7528583ba71a77a1",
        "type": "github"
      },
      "original": {
        "owner": "sjhgvr",
        "repo": "oisd",
        "type": "github"
      }
    },
    "root": {
      "inputs": {
        "daeuniverse": "daeuniverse",
        "deploy-rs": "deploy-rs",
        "homelab": "homelab",
        "nixpkgs": "nixpkgs",
        "oisd": "oisd",
        "sops-nix": "sops-nix",
        "v2ray-rules-dat": "v2ray-rules-dat",
        "vscode-server": "vscode-server"
      }
    },
    "sops-nix": {
      "inputs": {
        "nixpkgs": [
          "nixpkgs"
        ]
      },
      "locked": {
        "lastModified": 1736203741,
        "narHash": "sha256-eSjkBwBdQk+TZWFlLbclF2rAh4JxbGg8az4w/Lfe7f4=",
        "owner": "Mic92",
        "repo": "sops-nix",
        "rev": "c9c88f08e3ee495e888b8d7c8624a0b2519cb773",
        "type": "github"
      },
      "original": {
        "owner": "Mic92",
        "repo": "sops-nix",
        "type": "github"
      }
    },
    "systems": {
      "locked": {
        "lastModified": 1681028828,
        "narHash": "sha256-Vy1rq5AaRuLzOxct8nz4T6wlgyUR7zLU309k9mBC768=",
        "owner": "nix-systems",
        "repo": "default",
        "rev": "da67096a3b9bf56a91d16901293e51ba5b49a27e",
        "type": "github"
      },
      "original": {
        "owner": "nix-systems",
        "repo": "default",
        "type": "github"
      }
    },
    "systems_2": {
      "locked": {
        "lastModified": 1681028828,
        "narHash": "sha256-Vy1rq5AaRuLzOxct8nz4T6wlgyUR7zLU309k9mBC768=",
        "owner": "nix-systems",
        "repo": "default",
        "rev": "da67096a3b9bf56a91d16901293e51ba5b49a27e",
        "type": "github"
      },
      "original": {
        "owner": "nix-systems",
        "repo": "default",
        "type": "github"
      }
    },
    "utils": {
      "inputs": {
        "systems": "systems"
      },
      "locked": {
        "lastModified": 1701680307,
        "narHash": "sha256-kAuep2h5ajznlPMD9rnQyffWG8EM/C73lejGofXvdM8=",
        "owner": "numtide",
        "repo": "flake-utils",
        "rev": "4022d587cbbfd70fe950c1e2083a02621806a725",
        "type": "github"
      },
      "original": {
        "owner": "numtide",
        "repo": "flake-utils",
        "type": "github"
      }
    },
    "v2ray-rules-dat": {
      "flake": false,
      "locked": {
        "lastModified": 1736287944,
        "narHash": "sha256-E9xTE/MdCXPhY8cR58cVM85V/F7kUG4+G2u8gwl4zOc=",
        "owner": "Loyalsoldier",
        "repo": "v2ray-rules-dat",
        "rev": "49d8899193dd75366e2ffaf532d862c0cbc13cf2",
        "type": "github"
      },
      "original": {
        "owner": "Loyalsoldier",
        "ref": "release",
        "repo": "v2ray-rules-dat",
        "type": "github"
      }
    },
    "vscode-server": {
      "inputs": {
        "flake-utils": "flake-utils",
        "nixpkgs": [
          "nixpkgs"
        ]
      },
      "locked": {
        "lastModified": 1729422940,
        "narHash": "sha256-DlvJv33ml5UTKgu4b0HauOfFIoDx6QXtbqUF3vWeRCY=",
        "owner": "nix-community",
        "repo": "nixos-vscode-server",
        "rev": "8b6db451de46ecf9b4ab3d01ef76e59957ff549f",
        "type": "github"
      },
      "original": {
        "owner": "nix-community",
        "repo": "nixos-vscode-server",
        "type": "github"
      }
    }
  },
  "root": "root",
  "version": 7
}
